// !$*UTF8*$!
{
	archiveVersion = 1;
	classes = {
	};
	objectVersion = 77;
	objects = {

/* Begin PBXBuildFile section */
		0CD159102F20ED5300FADD2B /* Empty.md in Resources */ = {isa = PBXBuildFile; fileRef = 0CD1590F2F20ED5300FADD2B /* Empty.md */; };
		D84A37DEF4675F6F4729A230 /* PrivacyInfo.xcprivacy in Resources */ = {isa = PBXBuildFile; fileRef = 8676CE541ED309A33D9F3CB8 /* PrivacyInfo.xcprivacy */; };
		EBF197BAE8DAB9A7DC5152F5 /* libPods-RnIos.a in Frameworks */ = {isa = PBXBuildFile; fileRef = DD611BE36DB36CF5253CA808 /* libPods-RnIos.a */; };
/* End PBXBuildFile section */

/* Begin PBXContainerItemProxy section */
		0C6750B22F20E5F300223DBA /* PBXContainerItemProxy */ = {
			isa = PBXContainerItemProxy;
			containerPortal = 0C67509C2F20E5F100223DBA /* Project object */;
			proxyType = 1;
			remoteGlobalIDString = 0C6750A32F20E5F100223DBA;
			remoteInfo = RnIos;
		};
		0C6750BC2F20E5F300223DBA /* PBXContainerItemProxy */ = {
			isa = PBXContainerItemProxy;
			containerPortal = 0C67509C2F20E5F100223DBA /* Project object */;
			proxyType = 1;
			remoteGlobalIDString = 0C6750A32F20E5F100223DBA;
			remoteInfo = RnIos;
		};
/* End PBXContainerItemProxy section */

/* Begin PBXFileReference section */
		0C6750A42F20E5F100223DBA /* RnIos.app */ = {isa = PBXFileReference; explicitFileType = wrapper.application; includeInIndex = 0; path = RnIos.app; sourceTree = BUILT_PRODUCTS_DIR; };
		0C6750B12F20E5F300223DBA /* RnIosTests.xctest */ = {isa = PBXFileReference; explicitFileType = wrapper.cfbundle; includeInIndex = 0; path = RnIosTests.xctest; sourceTree = BUILT_PRODUCTS_DIR; };
		0C6750BB2F20E5F300223DBA /* RnIosUITests.xctest */ = {isa = PBXFileReference; explicitFileType = wrapper.cfbundle; includeInIndex = 0; path = RnIosUITests.xctest; sourceTree = BUILT_PRODUCTS_DIR; };
		0CD1590F2F20ED5300FADD2B /* Empty.md */ = {isa = PBXFileReference; lastKnownFileType = net.daringfireball.markdown; name = Empty.md; path = /Users/ayusht/Desktop/Empty.md; sourceTree = "<absolute>"; };
		5B9165A35227E31358C8F589 /* Pods-RnIos.release.xcconfig */ = {isa = PBXFileReference; includeInIndex = 1; lastKnownFileType = text.xcconfig; name = "Pods-RnIos.release.xcconfig"; path = "Target Support Files/Pods-RnIos/Pods-RnIos.release.xcconfig"; sourceTree = "<group>"; };
		8676CE541ED309A33D9F3CB8 /* PrivacyInfo.xcprivacy */ = {isa = PBXFileReference; includeInIndex = 1; lastKnownFileType = text.xml; path = PrivacyInfo.xcprivacy; sourceTree = "<group>"; };
		A2870117DC0059EB63E88986 /* Pods-RnIos.debug.xcconfig */ = {isa = PBXFileReference; includeInIndex = 1; lastKnownFileType = text.xcconfig; name = "Pods-RnIos.debug.xcconfig"; path = "Target Support Files/Pods-RnIos/Pods-RnIos.debug.xcconfig"; sourceTree = "<group>"; };
		DD611BE36DB36CF5253CA808 /* libPods-RnIos.a */ = {isa = PBXFileReference; explicitFileType = archive.ar; includeInIndex = 0; path = "libPods-RnIos.a"; sourceTree = BUILT_PRODUCTS_DIR; };
/* End PBXFileReference section */

/* Begin PBXFileSystemSynchronizedRootGroup section */
		0C6750A62F20E5F100223DBA /* RnIos */ = {
			isa = PBXFileSystemSynchronizedRootGroup;
			path = RnIos;
			sourceTree = "<group>";
		};
		0C6750B42F20E5F300223DBA /* RnIosTests */ = {
			isa = PBXFileSystemSynchronizedRootGroup;
			path = RnIosTests;
			sourceTree = "<group>";
		};
		0C6750BE2F20E5F300223DBA /* RnIosUITests */ = {
			isa = PBXFileSystemSynchronizedRootGroup;
			path = RnIosUITests;
			sourceTree = "<group>";
		};
/* End PBXFileSystemSynchronizedRootGroup section */

/* Begin PBXFrameworksBuildPhase section */
		0C6750A12F20E5F100223DBA /* Frameworks */ = {
			isa = PBXFrameworksBuildPhase;
			buildActionMask = 2147483647;
			files = (
				EBF197BAE8DAB9A7DC5152F5 /* libPods-RnIos.a in Frameworks */,
			);
			runOnlyForDeploymentPostprocessing = 0;
		};
		0C6750AE2F20E5F300223DBA /* Frameworks */ = {
			isa = PBXFrameworksBuildPhase;
			buildActionMask = 2147483647;
			files = (
			);
			runOnlyForDeploymentPostprocessing = 0;
		};
		0C6750B82F20E5F300223DBA /* Frameworks */ = {
			isa = PBXFrameworksBuildPhase;
			buildActionMask = 2147483647;
			files = (
			);
			runOnlyForDeploymentPostprocessing = 0;
		};
/* End PBXFrameworksBuildPhase section */

/* Begin PBXGroup section */
		0C67509B2F20E5F100223DBA = {
			isa = PBXGroup;
			children = (
				0CD1590F2F20ED5300FADD2B /* Empty.md */,
				0C6750A62F20E5F100223DBA /* RnIos */,
				0C6750B42F20E5F300223DBA /* RnIosTests */,
				0C6750BE2F20E5F300223DBA /* RnIosUITests */,
				0C6750A52F20E5F100223DBA /* Products */,
				8676CE541ED309A33D9F3CB8 /* PrivacyInfo.xcprivacy */,
				8A1D1167CDBB819CD61EEEA0 /* Pods */,
				3ED0451E9D2BCBE93CCBBF71 /* Frameworks */,
			);
			sourceTree = "<group>";
		};
		0C6750A52F20E5F100223DBA /* Products */ = {
			isa = PBXGroup;
			children = (
				0C6750A42F20E5F100223DBA /* RnIos.app */,
				0C6750B12F20E5F300223DBA /* RnIosTests.xctest */,
				0C6750BB2F20E5F300223DBA /* RnIosUITests.xctest */,
			);
			name = Products;
			sourceTree = "<group>";
		};
		3ED0451E9D2BCBE93CCBBF71 /* Frameworks */ = {
			isa = PBXGroup;
			children = (
				DD611BE36DB36CF5253CA808 /* libPods-RnIos.a */,
			);
			name = Frameworks;
			sourceTree = "<group>";
		};
		8A1D1167CDBB819CD61EEEA0 /* Pods */ = {
			isa = PBXGroup;
			children = (
				A2870117DC0059EB63E88986 /* Pods-RnIos.debug.xcconfig */,
				5B9165A35227E31358C8F589 /* Pods-RnIos.release.xcconfig */,
			);
			path = Pods;
			sourceTree = "<group>";
		};
/* End PBXGroup section */

/* Begin PBXNativeTarget section */
		0C6750A32F20E5F100223DBA /* RnIos */ = {
			isa = PBXNativeTarget;
			buildConfigurationList = 0C6750C52F20E5F300223DBA /* Build configuration list for PBXNativeTarget "RnIos" */;
			buildPhases = (
				9429E736F76DCC702CB69974 /* [CP] Check Pods Manifest.lock */,
				0C6750A02F20E5F100223DBA /* Sources */,
				0C6750A12F20E5F100223DBA /* Frameworks */,
				0C6750A22F20E5F100223DBA /* Resources */,
				1234567890ABCDEF12345678 /* Bundle React Native code and images */,
				D6A3C27C58ACA786B8FA57EB /* [CP] Embed Pods Frameworks */,
				1A22E8971F321DC52506EFC5 /* [CP] Copy Pods Resources */,
			);
			buildRules = (
			);
			dependencies = (
			);
			fileSystemSynchronizedGroups = (
				0C6750A62F20E5F100223DBA /* RnIos */,
			);
			name = RnIos;
			productName = RnIos;
			productReference = 0C6750A42F20E5F100223DBA /* RnIos.app */;
			productType = "com.apple.product-type.application";
		};
		0C6750B02F20E5F300223DBA /* RnIosTests */ = {
			isa = PBXNativeTarget;
			buildConfigurationList = 0C6750C82F20E5F300223DBA /* Build configuration list for PBXNativeTarget "RnIosTests" */;
			buildPhases = (
				0C6750AD2F20E5F300223DBA /* Sources */,
				0C6750AE2F20E5F300223DBA /* Frameworks */,
				0C6750AF2F20E5F300223DBA /* Resources */,
			);
			buildRules = (
			);
			dependencies = (
				0C6750B32F20E5F300223DBA /* PBXTargetDependency */,
			);
			fileSystemSynchronizedGroups = (
				0C6750B42F20E5F300223DBA /* RnIosTests */,
			);
			name = RnIosTests;
			productName = RnIosTests;
			productReference = 0C6750B12F20E5F300223DBA /* RnIosTests.xctest */;
			productType = "com.apple.product-type.bundle.unit-test";
		};
		0C6750BA2F20E5F300223DBA /* RnIosUITests */ = {
			isa = PBXNativeTarget;
			buildConfigurationList = 0C6750CB2F20E5F300223DBA /* Build configuration list for PBXNativeTarget "RnIosUITests" */;
			buildPhases = (
				0C6750B72F20E5F300223DBA /* Sources */,
				0C6750B82F20E5F300223DBA /* Frameworks */,
				0C6750B92F20E5F300223DBA /* Resources */,
			);
			buildRules = (
			);
			dependencies = (
				0C6750BD2F20E5F300223DBA /* PBXTargetDependency */,
			);
			fileSystemSynchronizedGroups = (
				0C6750BE2F20E5F300223DBA /* RnIosUITests */,
			);
			name = RnIosUITests;
			productName = RnIosUITests;
			productReference = 0C6750BB2F20E5F300223DBA /* RnIosUITests.xctest */;
			productType = "com.apple.product-type.bundle.ui-testing";
		};
/* End PBXNativeTarget section */

/* Begin PBXProject section */
		0C67509C2F20E5F100223DBA /* Project object */ = {
			isa = PBXProject;
			attributes = {
				BuildIndependentTargetsInParallel = 1;
				LastSwiftUpdateCheck = 1640;
				LastUpgradeCheck = 1640;
				TargetAttributes = {
					0C6750A32F20E5F100223DBA = {
						CreatedOnToolsVersion = 16.4;
					};
					0C6750B02F20E5F300223DBA = {
						CreatedOnToolsVersion = 16.4;
						TestTargetID = 0C6750A32F20E5F100223DBA;
					};
					0C6750BA2F20E5F300223DBA = {
						CreatedOnToolsVersion = 16.4;
						TestTargetID = 0C6750A32F20E5F100223DBA;
					};
				};
			};
			buildConfigurationList = 0C67509F2F20E5F100223DBA /* Build configuration list for PBXProject "RnIos" */;
			developmentRegion = en;
			hasScannedForEncodings = 0;
			knownRegions = (
				en,
				Base,
			);
			mainGroup = 0C67509B2F20E5F100223DBA;
			minimizedProjectReferenceProxies = 1;
			preferredProjectObjectVersion = 77;
			productRefGroup = 0C6750A52F20E5F100223DBA /* Products */;
			projectDirPath = "";
			projectRoot = "";
			targets = (
				0C6750A32F20E5F100223DBA /* RnIos */,
				0C6750B02F20E5F300223DBA /* RnIosTests */,
				0C6750BA2F20E5F300223DBA /* RnIosUITests */,
			);
		};
/* End PBXProject section */

/* Begin PBXResourcesBuildPhase section */
		0C6750A22F20E5F100223DBA /* Resources */ = {
			isa = PBXResourcesBuildPhase;
			buildActionMask = 2147483647;
			files = (
				D84A37DEF4675F6F4729A230 /* PrivacyInfo.xcprivacy in Resources */,
				0CD159102F20ED5300FADD2B /* Empty.md in Resources */,
			);
			runOnlyForDeploymentPostprocessing = 0;
		};
		0C6750AF2F20E5F300223DBA /* Resources */ = {
			isa = PBXResourcesBuildPhase;
			buildActionMask = 2147483647;
			files = (
			);
			runOnlyForDeploymentPostprocessing = 0;
		};
		0C6750B92F20E5F300223DBA /* Resources */ = {
			isa = PBXResourcesBuildPhase;
			buildActionMask = 2147483647;
			files = (
			);
			runOnlyForDeploymentPostprocessing = 0;
		};
/* End PBXResourcesBuildPhase section */

/* Begin PBXShellScriptBuildPhase section */
		1234567890ABCDEF12345678 /* Bundle React Native code and images */ = {
			isa = PBXShellScriptBuildPhase;
			buildActionMask = 2147483647;
			files = (
			);
			inputFileListPaths = (
			);
			inputPaths = (
			);
			name = "Bundle React Native code and images";
			outputFileListPaths = (
			);
			outputPaths = (
			);
			runOnlyForDeploymentPostprocessing = 0;
			shellPath = /bin/sh;
			shellScript = "set -e\n\nWITH_ENVIRONMENT=\"$REACT_NATIVE_PATH/scripts/xcode/with-environment.sh\"\nREACT_NATIVE_XCODE=\"$REACT_NATIVE_PATH/scripts/react-native-xcode.sh\"\n\n/bin/sh -c \"$WITH_ENVIRONMENT $REACT_NATIVE_XCODE\"\n";
			showEnvVarsInLog = 0;
		};
		1A22E8971F321DC52506EFC5 /* [CP] Copy Pods Resources */ = {
			isa = PBXShellScriptBuildPhase;
			buildActionMask = 2147483647;
			files = (
			);
			inputFileListPaths = (
				"${PODS_ROOT}/Target Support Files/Pods-RnIos/Pods-RnIos-resources-${CONFIGURATION}-input-files.xcfilelist",
			);
			inputPaths = (
			);
			name = "[CP] Copy Pods Resources";
			outputFileListPaths = (
				"${PODS_ROOT}/Target Support Files/Pods-RnIos/Pods-RnIos-resources-${CONFIGURATION}-output-files.xcfilelist",
			);
			outputPaths = (
			);
			runOnlyForDeploymentPostprocessing = 0;
			shellPath = /bin/sh;
			shellScript = "\"${PODS_ROOT}/Target Support Files/Pods-RnIos/Pods-RnIos-resources.sh\"\n";
			showEnvVarsInLog = 0;
		};
		9429E736F76DCC702CB69974 /* [CP] Check Pods Manifest.lock */ = {
			isa = PBXShellScriptBuildPhase;
			buildActionMask = 2147483647;
			files = (
			);
			inputFileListPaths = (
			);
			inputPaths = (
				"${PODS_PODFILE_DIR_PATH}/Podfile.lock",
				"${PODS_ROOT}/Manifest.lock",
			);
			name = "[CP] Check Pods Manifest.lock";
			outputFileListPaths = (
			);
			outputPaths = (
				"$(DERIVED_FILE_DIR)/Pods-RnIos-checkManifestLockResult.txt",
			);
			runOnlyForDeploymentPostprocessing = 0;
			shellPath = /bin/sh;
			shellScript = "diff \"${PODS_PODFILE_DIR_PATH}/Podfile.lock\" \"${PODS_ROOT}/Manifest.lock\" > /dev/null\nif [ $? != 0 ] ; then\n    # print error to STDERR\n    echo \"error: The sandbox is not in sync with the Podfile.lock. Run 'pod install' or update your CocoaPods installation.\" >&2\n    exit 1\nfi\n# This output is used by Xcode 'outputs' to avoid re-running this script phase.\necho \"SUCCESS\" > \"${SCRIPT_OUTPUT_FILE_0}\"\n";
			showEnvVarsInLog = 0;
		};
		D6A3C27C58ACA786B8FA57EB /* [CP] Embed Pods Frameworks */ = {
			isa = PBXShellScriptBuildPhase;
			buildActionMask = 2147483647;
			files = (
			);
			inputFileListPaths = (
				"${PODS_ROOT}/Target Support Files/Pods-RnIos/Pods-RnIos-frameworks-${CONFIGURATION}-input-files.xcfilelist",
			);
			inputPaths = (
			);
			name = "[CP] Embed Pods Frameworks";
			outputFileListPaths = (
				"${PODS_ROOT}/Target Support Files/Pods-RnIos/Pods-RnIos-frameworks-${CONFIGURATION}-output-files.xcfilelist",
			);
			outputPaths = (
			);
			runOnlyForDeploymentPostprocessing = 0;
			shellPath = /bin/sh;
			shellScript = "\"${PODS_ROOT}/Target Support Files/Pods-RnIos/Pods-RnIos-frameworks.sh\"\n";
			showEnvVarsInLog = 0;
		};
/* End PBXShellScriptBuildPhase section */

/* Begin PBXSourcesBuildPhase section */
		0C6750A02F20E5F100223DBA /* Sources */ = {
			isa = PBXSourcesBuildPhase;
			buildActionMask = 2147483647;
			files = (
			);
			runOnlyForDeploymentPostprocessing = 0;
		};
		0C6750AD2F20E5F300223DBA /* Sources */ = {
			isa = PBXSourcesBuildPhase;
			buildActionMask = 2147483647;
			files = (
			);
			runOnlyForDeploymentPostprocessing = 0;
		};
		0C6750B72F20E5F300223DBA /* Sources */ = {
			isa = PBXSourcesBuildPhase;
			buildActionMask = 2147483647;
			files = (
			);
			runOnlyForDeploymentPostprocessing = 0;
		};
/* End PBXSourcesBuildPhase section */

/* Begin PBXTargetDependency section */
		0C6750B32F20E5F300223DBA /* PBXTargetDependency */ = {
			isa = PBXTargetDependency;
			target = 0C6750A32F20E5F100223DBA /* RnIos */;
			targetProxy = 0C6750B22F20E5F300223DBA /* PBXContainerItemProxy */;
		};
		0C6750BD2F20E5F300223DBA /* PBXTargetDependency */ = {
			isa = PBXTargetDependency;
			target = 0C6750A32F20E5F100223DBA /* RnIos */;
			targetProxy = 0C6750BC2F20E5F300223DBA /* PBXContainerItemProxy */;
		};
/* End PBXTargetDependency section */

/* Begin XCBuildConfiguration section */
		0C6750C32F20E5F300223DBA /* Debug */ = {
			isa = XCBuildConfiguration;
			buildSettings = {
				ALWAYS_SEARCH_USER_PATHS = NO;
				ASSETCATALOG_COMPILER_GENERATE_SWIFT_ASSET_SYMBOL_EXTENSIONS = YES;
				CLANG_ANALYZER_NONNULL = YES;
				CLANG_ANALYZER_NUMBER_OBJECT_CONVERSION = YES_AGGRESSIVE;
				CLANG_CXX_LANGUAGE_STANDARD = "c++20";
				CLANG_ENABLE_MODULES = YES;
				CLANG_ENABLE_OBJC_ARC = YES;
				CLANG_ENABLE_OBJC_WEAK = YES;
				CLANG_WARN_BLOCK_CAPTURE_AUTORELEASING = YES;
				CLANG_WARN_BOOL_CONVERSION = YES;
				CLANG_WARN_COMMA = YES;
				CLANG_WARN_CONSTANT_CONVERSION = YES;
				CLANG_WARN_DEPRECATED_OBJC_IMPLEMENTATIONS = YES;
				CLANG_WARN_DIRECT_OBJC_ISA_USAGE = YES_ERROR;
				CLANG_WARN_DOCUMENTATION_COMMENTS = YES;
				CLANG_WARN_EMPTY_BODY = YES;
				CLANG_WARN_ENUM_CONVERSION = YES;
				CLANG_WARN_INFINITE_RECURSION = YES;
				CLANG_WARN_INT_CONVERSION = YES;
				CLANG_WARN_NON_LITERAL_NULL_CONVERSION = YES;
				CLANG_WARN_OBJC_IMPLICIT_RETAIN_SELF = YES;
				CLANG_WARN_OBJC_LITERAL_CONVERSION = YES;
				CLANG_WARN_OBJC_ROOT_CLASS = YES_ERROR;
				CLANG_WARN_QUOTED_INCLUDE_IN_FRAMEWORK_HEADER = YES;
				CLANG_WARN_RANGE_LOOP_ANALYSIS = YES;
				CLANG_WARN_STRICT_PROTOTYPES = YES;
				CLANG_WARN_SUSPICIOUS_MOVE = YES;
				CLANG_WARN_UNGUARDED_AVAILABILITY = YES_AGGRESSIVE;
				CLANG_WARN_UNREACHABLE_CODE = YES;
				CLANG_WARN__DUPLICATE_METHOD_MATCH = YES;
				COPY_PHASE_STRIP = NO;
				DEBUG_INFORMATION_FORMAT = dwarf;
				DEVELOPMENT_TEAM = 5NX7Z6TM77;
				ENABLE_STRICT_OBJC_MSGSEND = YES;
				ENABLE_TESTABILITY = YES;
				ENABLE_USER_SCRIPT_SANDBOXING = NO;
				GCC_C_LANGUAGE_STANDARD = gnu17;
				GCC_DYNAMIC_NO_PIC = NO;
				GCC_NO_COMMON_BLOCKS = YES;
				GCC_OPTIMIZATION_LEVEL = 0;
				GCC_PREPROCESSOR_DEFINITIONS = (
					"DEBUG=1",
					"$(inherited)",
				);
				GCC_WARN_64_TO_32_BIT_CONVERSION = YES;
				GCC_WARN_ABOUT_RETURN_TYPE = YES_ERROR;
				GCC_WARN_UNDECLARED_SELECTOR = YES;
				GCC_WARN_UNINITIALIZED_AUTOS = YES_AGGRESSIVE;
				GCC_WARN_UNUSED_FUNCTION = YES;
				GCC_WARN_UNUSED_VARIABLE = YES;
				IPHONEOS_DEPLOYMENT_TARGET = 18.5;
				LOCALIZATION_PREFERS_STRING_CATALOGS = YES;
				MTL_ENABLE_DEBUG_INFO = INCLUDE_SOURCE;
				MTL_FAST_MATH = YES;
				ONLY_ACTIVE_ARCH = YES;
				OTHER_CFLAGS = "$(inherited)";
				OTHER_CPLUSPLUSFLAGS = "$(inherited)";
				REACT_NATIVE_PATH = "${PODS_ROOT}/../node_modules/react-native";
				SDKROOT = iphoneos;
				SWIFT_ACTIVE_COMPILATION_CONDITIONS = "$(inherited) DEBUG";
				SWIFT_OPTIMIZATION_LEVEL = "-Onone";
				USE_HERMES = true;
			};
			name = Debug;
		};
		0C6750C42F20E5F300223DBA /* Release */ = {
			isa = XCBuildConfiguration;
			buildSettings = {
				ALWAYS_SEARCH_USER_PATHS = NO;
				ASSETCATALOG_COMPILER_GENERATE_SWIFT_ASSET_SYMBOL_EXTENSIONS = YES;
				CLANG_ANALYZER_NONNULL = YES;
				CLANG_ANALYZER_NUMBER_OBJECT_CONVERSION = YES_AGGRESSIVE;
				CLANG_CXX_LANGUAGE_STANDARD = "c++20";
				CLANG_ENABLE_MODULES = YES;
				CLANG_ENABLE_OBJC_ARC = YES;
				CLANG_ENABLE_OBJC_WEAK = YES;
				CLANG_WARN_BLOCK_CAPTURE_AUTORELEASING = YES;
				CLANG_WARN_BOOL_CONVERSION = YES;
				CLANG_WARN_COMMA = YES;
				CLANG_WARN_CONSTANT_CONVERSION = YES;
				CLANG_WARN_DEPRECATED_OBJC_IMPLEMENTATIONS = YES;
				CLANG_WARN_DIRECT_OBJC_ISA_USAGE = YES_ERROR;
				CLANG_WARN_DOCUMENTATION_COMMENTS = YES;
				CLANG_WARN_EMPTY_BODY = YES;
				CLANG_WARN_ENUM_CONVERSION = YES;
				CLANG_WARN_INFINITE_RECURSION = YES;
				CLANG_WARN_INT_CONVERSION = YES;
				CLANG_WARN_NON_LITERAL_NULL_CONVERSION = YES;
				CLANG_WARN_OBJC_IMPLICIT_RETAIN_SELF = YES;
				CLANG_WARN_OBJC_LITERAL_CONVERSION = YES;
				CLANG_WARN_OBJC_ROOT_CLASS = YES_ERROR;
				CLANG_WARN_QUOTED_INCLUDE_IN_FRAMEWORK_HEADER = YES;
				CLANG_WARN_RANGE_LOOP_ANALYSIS = YES;
				CLANG_WARN_STRICT_PROTOTYPES = YES;
				CLANG_WARN_SUSPICIOUS_MOVE = YES;
				CLANG_WARN_UNGUARDED_AVAILABILITY = YES_AGGRESSIVE;
				CLANG_WARN_UNREACHABLE_CODE = YES;
				CLANG_WARN__DUPLICATE_METHOD_MATCH = YES;
				COPY_PHASE_STRIP = NO;
				DEBUG_INFORMATION_FORMAT = "dwarf-with-dsym";
				DEVELOPMENT_TEAM = 5NX7Z6TM77;
				ENABLE_NS_ASSERTIONS = NO;
				ENABLE_STRICT_OBJC_MSGSEND = YES;
				ENABLE_USER_SCRIPT_SANDBOXING = NO;
				GCC_C_LANGUAGE_STANDARD = gnu17;
				GCC_NO_COMMON_BLOCKS = YES;
				GCC_WARN_64_TO_32_BIT_CONVERSION = YES;
				GCC_WARN_ABOUT_RETURN_TYPE = YES_ERROR;
				GCC_WARN_UNDECLARED_SELECTOR = YES;
				GCC_WARN_UNINITIALIZED_AUTOS = YES_AGGRESSIVE;
				GCC_WARN_UNUSED_FUNCTION = YES;
				GCC_WARN_UNUSED_VARIABLE = YES;
				IPHONEOS_DEPLOYMENT_TARGET = 18.5;
				LOCALIZATION_PREFERS_STRING_CATALOGS = YES;
				MTL_ENABLE_DEBUG_INFO = NO;
				MTL_FAST_MATH = YES;
				OTHER_CFLAGS = "$(inherited)";
				OTHER_CPLUSPLUSFLAGS = "$(inherited)";
				REACT_NATIVE_PATH = "${PODS_ROOT}/../node_modules/react-native";
				SDKROOT = iphoneos;
				SWIFT_COMPILATION_MODE = wholemodule;
				USE_HERMES = true;
				VALIDATE_PRODUCT = YES;
			};
			name = Release;
		};
		0C6750C62F20E5F300223DBA /* Debug */ = {
			isa = XCBuildConfiguration;
			baseConfigurationReference = A2870117DC0059EB63E88986 /* Pods-RnIos.debug.xcconfig */;
			buildSettings = {
				ASSETCATALOG_COMPILER_APPICON_NAME = AppIcon;
				ASSETCATALOG_COMPILER_GLOBAL_ACCENT_COLOR_NAME = AccentColor;
				CODE_SIGN_STYLE = Automatic;
				CURRENT_PROJECT_VERSION = 1;
				DEVELOPMENT_TEAM = 5NX7Z6TM77;
				ENABLE_PREVIEWS = YES;
				GENERATE_INFOPLIST_FILE = YES;
				INFOPLIST_KEY_UIApplicationSceneManifest_Generation = YES;
				INFOPLIST_KEY_UIApplicationSupportsIndirectInputEvents = YES;
				INFOPLIST_KEY_UILaunchScreen_Generation = YES;
				INFOPLIST_KEY_UISupportedInterfaceOrientations_iPad = "UIInterfaceOrientationPortrait UIInterfaceOrientationPortraitUpsideDown UIInterfaceOrientationLandscapeLeft UIInterfaceOrientationLandscapeRight";
				INFOPLIST_KEY_UISupportedInterfaceOrientations_iPhone = "UIInterfaceOrientationPortrait UIInterfaceOrientationLandscapeLeft UIInterfaceOrientationLandscapeRight";
				LD_RUNPATH_SEARCH_PATHS = (
					"$(inherited)",
					"@executable_path/Frameworks",
				);
				MARKETING_VERSION = 1.0;
				PRODUCT_BUNDLE_IDENTIFIER = JDS.RnIos;
				PRODUCT_NAME = "$(TARGET_NAME)";
				SWIFT_EMIT_LOC_STRINGS = YES;
				SWIFT_VERSION = 5.0;
				TARGETED_DEVICE_FAMILY = "1,2";
			};
			name = Debug;
		};
		0C6750C72F20E5F300223DBA /* Release */ = {
			isa = XCBuildConfiguration;
			baseConfigurationReference = 5B9165A35227E31358C8F589 /* Pods-RnIos.release.xcconfig */;
			buildSettings = {
				ASSETCATALOG_COMPILER_APPICON_NAME = AppIcon;
				ASSETCATALOG_COMPILER_GLOBAL_ACCENT_COLOR_NAME = AccentColor;
				CODE_SIGN_STYLE = Automatic;
				CURRENT_PROJECT_VERSION = 1;
				DEVELOPMENT_TEAM = 5NX7Z6TM77;
				ENABLE_PREVIEWS = YES;
				GENERATE_INFOPLIST_FILE = YES;
				INFOPLIST_KEY_UIApplicationSceneManifest_Generation = YES;
				INFOPLIST_KEY_UIApplicationSupportsIndirectInputEvents = YES;
				INFOPLIST_KEY_UILaunchScreen_Generation = YES;
				INFOPLIST_KEY_UISupportedInterfaceOrientations_iPad = "UIInterfaceOrientationPortrait UIInterfaceOrientationPortraitUpsideDown UIInterfaceOrientationLandscapeLeft UIInterfaceOrientationLandscapeRight";
				INFOPLIST_KEY_UISupportedInterfaceOrientations_iPhone = "UIInterfaceOrientationPortrait UIInterfaceOrientationLandscapeLeft UIInterfaceOrientationLandscapeRight";
				LD_RUNPATH_SEARCH_PATHS = (
					"$(inherited)",
					"@executable_path/Frameworks",
				);
				MARKETING_VERSION = 1.0;
				PRODUCT_BUNDLE_IDENTIFIER = JDS.RnIos;
				PRODUCT_NAME = "$(TARGET_NAME)";
				SWIFT_EMIT_LOC_STRINGS = YES;
				SWIFT_VERSION = 5.0;
				TARGETED_DEVICE_FAMILY = "1,2";
			};
			name = Release;
		};
		0C6750C92F20E5F300223DBA /* Debug */ = {
			isa = XCBuildConfiguration;
			buildSettings = {
				BUNDLE_LOADER = "$(TEST_HOST)";
				CODE_SIGN_STYLE = Automatic;
				CURRENT_PROJECT_VERSION = 1;
				DEVELOPMENT_TEAM = 5NX7Z6TM77;
				GENERATE_INFOPLIST_FILE = YES;
				IPHONEOS_DEPLOYMENT_TARGET = 18.5;
				MARKETING_VERSION = 1.0;
				PRODUCT_BUNDLE_IDENTIFIER = JDS.RnIosTests;
				PRODUCT_NAME = "$(TARGET_NAME)";
				SWIFT_EMIT_LOC_STRINGS = NO;
				SWIFT_VERSION = 5.0;
				TARGETED_DEVICE_FAMILY = "1,2";
				TEST_HOST = "$(BUILT_PRODUCTS_DIR)/RnIos.app/$(BUNDLE_EXECUTABLE_FOLDER_PATH)/RnIos";
			};
			name = Debug;
		};
		0C6750CA2F20E5F300223DBA /* Release */ = {
			isa = XCBuildConfiguration;
			buildSettings = {
				BUNDLE_LOADER = "$(TEST_HOST)";
				CODE_SIGN_STYLE = Automatic;
				CURRENT_PROJECT_VERSION = 1;
				DEVELOPMENT_TEAM = 5NX7Z6TM77;
				GENERATE_INFOPLIST_FILE = YES;
				IPHONEOS_DEPLOYMENT_TARGET = 18.5;
				MARKETING_VERSION = 1.0;
				PRODUCT_BUNDLE_IDENTIFIER = JDS.RnIosTests;
				PRODUCT_NAME = "$(TARGET_NAME)";
				SWIFT_EMIT_LOC_STRINGS = NO;
				SWIFT_VERSION = 5.0;
				TARGETED_DEVICE_FAMILY = "1,2";
				TEST_HOST = "$(BUILT_PRODUCTS_DIR)/RnIos.app/$(BUNDLE_EXECUTABLE_FOLDER_PATH)/RnIos";
			};
			name = Release;
		};
		0C6750CC2F20E5F300223DBA /* Debug */ = {
			isa = XCBuildConfiguration;
			buildSettings = {
				CODE_SIGN_STYLE = Automatic;
				CURRENT_PROJECT_VERSION = 1;
				DEVELOPMENT_TEAM = 5NX7Z6TM77;
				GENERATE_INFOPLIST_FILE = YES;
				MARKETING_VERSION = 1.0;
				PRODUCT_BUNDLE_IDENTIFIER = JDS.RnIosUITests;
				PRODUCT_NAME = "$(TARGET_NAME)";
				SWIFT_EMIT_LOC_STRINGS = NO;
				SWIFT_VERSION = 5.0;
				TARGETED_DEVICE_FAMILY = "1,2";
				TEST_TARGET_NAME = RnIos;
			};
			name = Debug;
		};
		0C6750CD2F20E5F300223DBA /* Release */ = {
			isa = XCBuildConfiguration;
			buildSettings = {
				CODE_SIGN_STYLE = Automatic;
				CURRENT_PROJECT_VERSION = 1;
				DEVELOPMENT_TEAM = 5NX7Z6TM77;
				GENERATE_INFOPLIST_FILE = YES;
				MARKETING_VERSION = 1.0;
				PRODUCT_BUNDLE_IDENTIFIER = JDS.RnIosUITests;
				PRODUCT_NAME = "$(TARGET_NAME)";
				SWIFT_EMIT_LOC_STRINGS = NO;
				SWIFT_VERSION = 5.0;
				TARGETED_DEVICE_FAMILY = "1,2";
				TEST_TARGET_NAME = RnIos;
			};
			name = Release;
		};
/* End XCBuildConfiguration section */

/* Begin XCConfigurationList section */
		0C67509F2F20E5F100223DBA /* Build configuration list for PBXProject "RnIos" */ = {
			isa = XCConfigurationList;
			buildConfigurations = (
				0C6750C32F20E5F300223DBA /* Debug */,
				0C6750C42F20E5F300223DBA /* Release */,
			);
			defaultConfigurationIsVisible = 0;
			defaultConfigurationName = Release;
		};
		0C6750C52F20E5F300223DBA /* Build configuration list for PBXNativeTarget "RnIos" */ = {
			isa = XCConfigurationList;
			buildConfigurations = (
				0C6750C62F20E5F300223DBA /* Debug */,
				0C6750C72F20E5F300223DBA /* Release */,
			);
			defaultConfigurationIsVisible = 0;
			defaultConfigurationName = Release;
		};
		0C6750C82F20E5F300223DBA /* Build configuration list for PBXNativeTarget "RnIosTests" */ = {
			isa = XCConfigurationList;
			buildConfigurations = (
				0C6750C92F20E5F300223DBA /* Debug */,
				0C6750CA2F20E5F300223DBA /* Release */,
			);
			defaultConfigurationIsVisible = 0;
			defaultConfigurationName = Release;
		};
		0C6750CB2F20E5F300223DBA /* Build configuration list for PBXNativeTarget "RnIosUITests" */ = {
			isa = XCConfigurationList;
			buildConfigurations = (
				0C6750CC2F20E5F300223DBA /* Debug */,
				0C6750CD2F20E5F300223DBA /* Release */,
			);
			defaultConfigurationIsVisible = 0;
			defaultConfigurationName = Release;
		};
/* End XCConfigurationList section */
	};
	rootObject = 0C67509C2F20E5F100223DBA /* Project object */;
}
